# This file is autogenerated, do not edit; changes may be undone by the next 'dep ensure'.


[[projects]]
  branch = "default"
  digest = "1:689356645256109cbadece53d48cad960830d9737f75489dcb09922153350191"
  name = "bitbucket.org/taruti/mimemagic"
  packages = ["."]
  pruneopts = "UT"
  revision = "e5179c80a024fe516da65f0b006f56fa7800694e"

[[projects]]
  branch = "master"
  digest = "1:1b4a782ebff9f17b80a4d98f07fbc071d03f99983529cce1122391558642806b"
  name = "code.cloudfoundry.org/archiver"
  packages = ["compressor"]
  pruneopts = "UT"
  revision = "e135af3d5a2a2c5a80d3c9b366669ac8ed18953b"

[[projects]]
  digest = "1:3634f744a1562db223595409dbe6bfc9ab88841938445bc092a0d851cb9db006"
  name = "code.cloudfoundry.org/lager"
  packages = [
    ".",
    "lagerctx",
    "lagertest",
  ]
  pruneopts = "UT"
  revision = "b60e04e119450552243196105bae0d42179ee0ca"
  version = "v1.1.0"

[[projects]]
  digest = "1:0ade334594e69404d80d9d323445d2297ff8161637f9b2d347cc6973d2d6f05b"
  name = "github.com/hashicorp/errwrap"
  packages = ["."]
  pruneopts = "UT"
  revision = "8a6fb523712970c966eefc6b39ed2c5e74880354"
  version = "v1.0.0"

[[projects]]
  branch = "master"
  digest = "1:2c83286b05339b874cf821a3cd5b20c5415c904e6804baa47479f1a28956730e"
  name = "github.com/hashicorp/go-multierror"
  packages = ["."]
  pruneopts = "UT"
  revision = "bdca7bb83f603b80ef756bb953fe1dafa9cd00a2"

[[projects]]
  digest = "1:a1038ef593beb4771c8f0f9c26e8b00410acd800af5c6864651d9bf160ea1813"
  name = "github.com/hpcloud/tail"
  packages = [
    ".",
    "ratelimiter",
    "util",
    "watch",
    "winfile",
  ]
  pruneopts = "UT"
  revision = "a30252cb686a21eb2d0b98132633053ec2f7f1e5"
  version = "v1.0.0"

[[projects]]
  branch = "master"
  digest = "1:f3b0cfd42716269884bf06df5d5be9e54161d5af0a2f0ccca08717928dd45fc5"
  name = "github.com/inconshreveable/go-update"
  packages = [
    ".",
    "internal/binarydist",
    "internal/osext",
  ]
  pruneopts = "UT"
  revision = "8152e7eb6ccf8679a64582a66b78519688d156ad"

[[projects]]
  digest = "1:a2cff208d4759f6ba1b1cd228587b0a1869f95f22542ec9cd17fff64430113c7"
  name = "github.com/jessevdk/go-flags"
  packages = ["."]
  pruneopts = "UT"
  revision = "c6ca198ec95c841fdb89fc0de7496fed11ab854e"
  version = "v1.4.0"

[[projects]]
  branch = "master"
  digest = "1:f433da6fbabb0bd1bd730fd340782015c644123d02eb78c20c69ce03352daad1"
  name = "github.com/kardianos/osext"
  packages = ["."]
  pruneopts = "UT"
  revision = "2bc1f35cddc0cc527b4bc3dce8578fc2a6c11384"

[[projects]]
  digest = "1:4a29eeb25603debe8f2098a9902c4d3851034cf70d33be428826e86e8c30a1b0"
  name = "github.com/mattn/go-colorable"
  packages = ["."]
  pruneopts = "UT"
  revision = "98ec13f34aabf44cc914c65a1cfb7b9bc815aef1"
  version = "v0.1.4"

[[projects]]
  digest = "1:d62282425ffb75047679d7e2c3b980eea7f82c05ef5fb9142ee617ebac6e7432"
  name = "github.com/mattn/go-isatty"
  packages = ["."]
  pruneopts = "UT"
  revision = "88ba11cfdc67c7588b30042edf244b2875f892b6"
  version = "v0.0.10"

[[projects]]
  branch = "master"
  digest = "1:2b32af4d2a529083275afc192d1067d8126b578c7a9613b26600e4df9c735155"
  name = "github.com/mgutz/ansi"
  packages = ["."]
  pruneopts = "UT"
  revision = "9520e82c474b0a04dd04f8a40959027271bab992"

[[projects]]
  digest = "1:51766ddcba65b7f0eece2906249d7603970959ba0f1011b72037485044339ece"
  name = "github.com/onsi/ginkgo"
  packages = [
    ".",
    "config",
    "internal/codelocation",
    "internal/containernode",
    "internal/failer",
    "internal/leafnodes",
    "internal/remote",
    "internal/spec",
    "internal/spec_iterator",
    "internal/specrunner",
    "internal/suite",
    "internal/testingtproxy",
    "internal/writer",
    "reporters",
    "reporters/stenographer",
    "reporters/stenographer/support/go-colorable",
    "reporters/stenographer/support/go-isatty",
    "types",
  ]
  pruneopts = "UT"
  revision = "ce5d301e555bb672c693c099ba6ca5087b06c0b4"
  version = "v1.10.3"

[[projects]]
  digest = "1:efc62d2e73d79a07c5d0cd8e11258123a4bb042a83b6a07feb3dea8d75fe997c"
  name = "github.com/onsi/gomega"
  packages = [
    ".",
    "format",
    "gbytes",
    "gexec",
    "internal/assertion",
    "internal/asyncassertion",
    "internal/oraclematcher",
    "internal/testingtsupport",
    "matchers",
    "matchers/support/goraph/bipartitegraph",
    "matchers/support/goraph/edge",
    "matchers/support/goraph/node",
    "matchers/support/goraph/util",
    "types",
  ]
  pruneopts = "UT"
  revision = "f9a52764bd5a0fd2d201bcca584351d03b72f8da"
  version = "v1.7.1"

[[projects]]
  branch = "master"
  digest = "1:6ea87aa75ec674ebf2384c6c66be095e639f56e4a2b16001e9a0ae35687225b0"
  name = "golang.org/x/net"
  packages = [
    "html",
    "html/atom",
    "html/charset",
  ]
  pruneopts = "UT"
  revision = "daa7c04131f568e31c51927b359a2d197a357058"

[[projects]]
  branch = "master"
  digest = "1:824b4d14e35e35e821d3127319e51eb838f72434100750ad395db96d00b5a871"
  name = "golang.org/x/sys"
  packages = ["unix"]
  pruneopts = "UT"
  revision = "d32e6e3b99c40f2bfaea45ea9596ed539eed1c0d"

[[projects]]
  digest = "1:8a0baffd5559acaa560f854d7d525c02f4fec2d4f8a214398556fb661a10f6e0"
  name = "golang.org/x/text"
  packages = [
    "encoding",
    "encoding/charmap",
    "encoding/htmlindex",
    "encoding/internal",
    "encoding/internal/identifier",
    "encoding/japanese",
    "encoding/korean",
    "encoding/simplifiedchinese",
    "encoding/traditionalchinese",
    "encoding/unicode",
    "internal/gen",
    "internal/language",
    "internal/language/compact",
    "internal/tag",
    "internal/utf8internal",
    "language",
    "runes",
    "transform",
    "unicode/cldr",
  ]
  pruneopts = "UT"
  revision = "342b2e1fbaa52c93f31447ad2c6abc048c63e475"
  version = "v0.3.2"

[[projects]]
  digest = "1:abeb38ade3f32a92943e5be54f55ed6d6e3b6602761d74b4aab4c9dd45c18abd"
  name = "gopkg.in/fsnotify.v1"
  packages = ["."]
  pruneopts = "UT"
  revision = "c2828203cd70a50dcccfb2761f8b1f8ceef9a8e9"
  source = "https://github.com/fsnotify/fsnotify.git"
  version = "v1.4.7"

[[projects]]
  branch = "v1"
  digest = "1:0caa92e17bc0b65a98c63e5bc76a9e844cd5e56493f8fdbb28fad101a16254d9"
  name = "gopkg.in/tomb.v1"
  packages = ["."]
  pruneopts = "UT"
  revision = "dd632973f1e7218eb1089048e0798ec9ae7dceb8"

[[projects]]
  digest = "1:f26a5d382387e03a40d1471dddfba85dfff9bf05352d7e42d37612677c4d3c5c"
  name = "gopkg.in/yaml.v2"
  packages = ["."]
  pruneopts = "UT"
  revision = "f90ceb4f409096b60e2e9076b38b304b8246e5fa"
  version = "v2.2.5"

[solve-meta]
  analyzer-name = "dep"
  analyzer-version = 1
  input-imports = [
    "bitbucket.org/taruti/mimemagic",
    "code.cloudfoundry.org/archiver/compressor",
    "code.cloudfoundry.org/lager",
    "code.cloudfoundry.org/lager/lagertest",
    "github.com/hashicorp/go-multierror",
    "github.com/inconshreveable/go-update",
    "github.com/jessevdk/go-flags",
    "github.com/kardianos/osext",
    "github.com/mgutz/ansi",
    "github.com/onsi/ginkgo",
    "github.com/onsi/gomega",
    "github.com/onsi/gomega/gbytes",
    "github.com/onsi/gomega/gexec",
  ]
  solver-name = "gps-cdcl"
  solver-version = 1
